
Microsoft Visual Studio Solution File, Format Version 12.00
# Visual Studio Version 17
VisualStudioVersion = 17.11.35431.28
MinimumVisualStudioVersion = 10.0.40219.1
Project("{888888A0-9F3D-457C-B088-3A5042F75D52}") = "task1", "task1\task1.pyproj", "{24CF764C-F8E7-4963-A3D6-F204EA9609BC}"
EndProject
Global
	GlobalSection(SolutionConfigurationPlatforms) = preSolution
		Debug|Any CPU = Debug|Any CPU
		Release|Any CPU = Release|Any CPU
	EndGlobalSection
	GlobalSection(ProjectConfigurationPlatforms) = postSolution
		{24CF764C-F8E7-4963-A3D6-F204EA9609BC}.Debug|Any CPU.ActiveCfg = Debug|Any CPU
		{24CF764C-F8E7-4963-A3D6-F204EA9609BC}.Release|Any CPU.ActiveCfg = Release|Any CPU
	EndGlobalSection
	GlobalSection(SolutionProperties) = preSolution
		HideSolutionNode = FALSE
	EndGlobalSection
	GlobalSection(ExtensibilityGlobals) = postSolution
		SolutionGuid = {D3CB110B-5A57-46B4-959E-8FD6129018F9}
	EndGlobalSection
EndGlobal
